
Microsoft Visual Studio Solution File, Format Version 12.00
# Visual Studio Version 17
VisualStudioVersion = 17.5.002.0
MinimumVisualStudioVersion = 10.0.40219.1
Project("{9A19103F-16F7-4668-BE54-9A1E7A4F7556}") = "College_Repository", "College_Repository\College_Repository.csproj", "{EF3950B5-75CA-47AC-9C12-B20560937BF4}"
EndProject
Global
	GlobalSection(SolutionConfigurationPlatforms) = preSolution
		Debug|Any CPU = Debug|Any CPU
		Release|Any CPU = Release|Any CPU
	EndGlobalSection
	GlobalSection(ProjectConfigurationPlatforms) = postSolution
		{EF3950B5-75CA-47AC-9C12-B20560937BF4}.Debug|Any CPU.ActiveCfg = Debug|Any CPU
		{EF3950B5-75CA-47AC-9C12-B20560937BF4}.Debug|Any CPU.Build.0 = Debug|Any CPU
		{EF3950B5-75CA-47AC-9C12-B20560937BF4}.Release|Any CPU.ActiveCfg = Release|Any CPU
		{EF3950B5-75CA-47AC-9C12-B20560937BF4}.Release|Any CPU.Build.0 = Release|Any CPU
	EndGlobalSection
	GlobalSection(SolutionProperties) = preSolution
		HideSolutionNode = FALSE
	EndGlobalSection
	GlobalSection(ExtensibilityGlobals) = postSolution
		SolutionGuid = {BD62B387-EF42-41C0-80AD-674CE65B4E63}
	EndGlobalSection
EndGlobal
